// !$*UTF8*$!
{
	archiveVersion = 1;
	classes = {
	};
	objectVersion = 50;
	objects = {

/* Begin PBXBuildFile section */
		C1297A0B2408A296005F7765 /* AppDelegate.swift in Sources */ = {isa = PBXBuildFile; fileRef = C1297A0A2408A296005F7765 /* AppDelegate.swift */; };
		C1297A0D2408A296005F7765 /* SceneDelegate.swift in Sources */ = {isa = PBXBuildFile; fileRef = C1297A0C2408A296005F7765 /* SceneDelegate.swift */; };
		C1297A122408A296005F7765 /* Main.storyboard in Resources */ = {isa = PBXBuildFile; fileRef = C1297A102408A296005F7765 /* Main.storyboard */; };
		C1297A142408A297005F7765 /* Assets.xcassets in Resources */ = {isa = PBXBuildFile; fileRef = C1297A132408A297005F7765 /* Assets.xcassets */; };
		C1297A172408A297005F7765 /* LaunchScreen.storyboard in Resources */ = {isa = PBXBuildFile; fileRef = C1297A152408A297005F7765 /* LaunchScreen.storyboard */; };
		C1297A1F2408A2E5005F7765 /* CollectionViewController.swift in Sources */ = {isa = PBXBuildFile; fileRef = C1297A1E2408A2E5005F7765 /* CollectionViewController.swift */; };
		C1297A212408A335005F7765 /* CollectionViewCell.swift in Sources */ = {isa = PBXBuildFile; fileRef = C1297A202408A335005F7765 /* CollectionViewCell.swift */; };
		C1297A232408E02F005F7765 /* parks.plist in Resources */ = {isa = PBXBuildFile; fileRef = C1297A222408E02F005F7765 /* parks.plist */; };
		C1297A252408E214005F7765 /* ParkController.swift in Sources */ = {isa = PBXBuildFile; fileRef = C1297A242408E214005F7765 /* ParkController.swift */; };
		C1297A272408F409005F7765 /* HeaderSupplementaryView.swift in Sources */ = {isa = PBXBuildFile; fileRef = C1297A262408F409005F7765 /* HeaderSupplementaryView.swift */; };
		C1297A292408F731005F7765 /* FooterSupplementaryView.swift in Sources */ = {isa = PBXBuildFile; fileRef = C1297A282408F731005F7765 /* FooterSupplementaryView.swift */; };
		C1297A2B2408FA0E005F7765 /* DetailViewController.swift in Sources */ = {isa = PBXBuildFile; fileRef = C1297A2A2408FA0E005F7765 /* DetailViewController.swift */; };
/* End PBXBuildFile section */

/* Begin PBXFileReference section */
		C1297A072408A296005F7765 /* lab3.app */ = {isa = PBXFileReference; explicitFileType = wrapper.application; includeInIndex = 0; path = lab3.app; sourceTree = BUILT_PRODUCTS_DIR; };
		C1297A0A2408A296005F7765 /* AppDelegate.swift */ = {isa = PBXFileReference; lastKnownFileType = sourcecode.swift; path = AppDelegate.swift; sourceTree = "<group>"; };
		C1297A0C2408A296005F7765 /* SceneDelegate.swift */ = {isa = PBXFileReference; lastKnownFileType = sourcecode.swift; path = SceneDelegate.swift; sourceTree = "<group>"; };
		C1297A112408A296005F7765 /* Base */ = {isa = PBXFileReference; lastKnownFileType = file.storyboard; name = Base; path = Base.lproj/Main.storyboard; sourceTree = "<group>"; };
		C1297A132408A297005F7765 /* Assets.xcassets */ = {isa = PBXFileReference; lastKnownFileType = folder.assetcatalog; path = Assets.xcassets; sourceTree = "<group>"; };
		C1297A162408A297005F7765 /* Base */ = {isa = PBXFileReference; lastKnownFileType = file.storyboard; name = Base; path = Base.lproj/LaunchScreen.storyboard; sourceTree = "<group>"; };
		C1297A182408A297005F7765 /* Info.plist */ = {isa = PBXFileReference; lastKnownFileType = text.plist.xml; path = Info.plist; sourceTree = "<group>"; };
		C1297A1E2408A2E5005F7765 /* CollectionViewController.swift */ = {isa = PBXFileReference; lastKnownFileType = sourcecode.swift; path = CollectionViewController.swift; sourceTree = "<group>"; };
		C1297A202408A335005F7765 /* CollectionViewCell.swift */ = {isa = PBXFileReference; lastKnownFileType = sourcecode.swift; path = CollectionViewCell.swift; sourceTree = "<group>"; };
		C1297A222408E02F005F7765 /* parks.plist */ = {isa = PBXFileReference; lastKnownFileType = text.plist.xml; path = parks.plist; sourceTree = "<group>"; };
		C1297A242408E214005F7765 /* ParkController.swift */ = {isa = PBXFileReference; lastKnownFileType = sourcecode.swift; path = ParkController.swift; sourceTree = "<group>"; };
		C1297A262408F409005F7765 /* HeaderSupplementaryView.swift */ = {isa = PBXFileReference; lastKnownFileType = sourcecode.swift; path = HeaderSupplementaryView.swift; sourceTree = "<group>"; };
		C1297A282408F731005F7765 /* FooterSupplementaryView.swift */ = {isa = PBXFileReference; lastKnownFileType = sourcecode.swift; path = FooterSupplementaryView.swift; sourceTree = "<group>"; };
		C1297A2A2408FA0E005F7765 /* DetailViewController.swift */ = {isa = PBXFileReference; lastKnownFileType = sourcecode.swift; path = DetailViewController.swift; sourceTree = "<group>"; };
/* End PBXFileReference section */

/* Begin PBXFrameworksBuildPhase section */
		C1297A042408A296005F7765 /* Frameworks */ = {
			isa = PBXFrameworksBuildPhase;
			buildActionMask = 2147483647;
			files = (
			);
			runOnlyForDeploymentPostprocessing = 0;
		};
/* End PBXFrameworksBuildPhase section */

/* Begin PBXGroup section */
		C12979FE2408A296005F7765 = {
			isa = PBXGroup;
			children = (
				C1297A092408A296005F7765 /* lab3 */,
				C1297A082408A296005F7765 /* Products */,
			);
			sourceTree = "<group>";
		};
		C1297A082408A296005F7765 /* Products */ = {
			isa = PBXGroup;
			children = (
				C1297A072408A296005F7765 /* lab3.app */,
			);
			name = Products;
			sourceTree = "<group>";
		};
		C1297A092408A296005F7765 /* lab3 */ = {
			isa = PBXGroup;
			children = (
				C1297A0A2408A296005F7765 /* AppDelegate.swift */,
				C1297A0C2408A296005F7765 /* SceneDelegate.swift */,
				C1297A102408A296005F7765 /* Main.storyboard */,
				C1297A2A2408FA0E005F7765 /* DetailViewController.swift */,
				C1297A282408F731005F7765 /* FooterSupplementaryView.swift */,
				C1297A262408F409005F7765 /* HeaderSupplementaryView.swift */,
				C1297A242408E214005F7765 /* ParkController.swift */,
				C1297A202408A335005F7765 /* CollectionViewCell.swift */,
				C1297A1E2408A2E5005F7765 /* CollectionViewController.swift */,
				C1297A132408A297005F7765 /* Assets.xcassets */,
				C1297A152408A297005F7765 /* LaunchScreen.storyboard */,
				C1297A182408A297005F7765 /* Info.plist */,
				C1297A222408E02F005F7765 /* parks.plist */,
			);
			path = lab3;
			sourceTree = "<group>";
		};
/* End PBXGroup section */

/* Begin PBXNativeTarget section */
		C1297A062408A296005F7765 /* lab3 */ = {
			isa = PBXNativeTarget;
			buildConfigurationList = C1297A1B2408A297005F7765 /* Build configuration list for PBXNativeTarget "lab3" */;
			buildPhases = (
				C1297A032408A296005F7765 /* Sources */,
				C1297A042408A296005F7765 /* Frameworks */,
				C1297A052408A296005F7765 /* Resources */,
			);
			buildRules = (
			);
			dependencies = (
			);
			name = lab3;
			productName = lab3;
			productReference = C1297A072408A296005F7765 /* lab3.app */;
			productType = "com.apple.product-type.application";
		};
/* End PBXNativeTarget section */

/* Begin PBXProject section */
		C12979FF2408A296005F7765 /* Project object */ = {
			isa = PBXProject;
			attributes = {
				LastSwiftUpdateCheck = 1130;
				LastUpgradeCheck = 1130;
				ORGANIZATIONNAME = "Nathanael Bennett";
				TargetAttributes = {
					C1297A062408A296005F7765 = {
						CreatedOnToolsVersion = 11.3;
					};
				};
			};
			buildConfigurationList = C1297A022408A296005F7765 /* Build configuration list for PBXProject "lab3" */;
			compatibilityVersion = "Xcode 9.3";
			developmentRegion = en;
			hasScannedForEncodings = 0;
			knownRegions = (
				en,
				Base,
			);
			mainGroup = C12979FE2408A296005F7765;
			productRefGroup = C1297A082408A296005F7765 /* Products */;
			projectDirPath = "";
			projectRoot = "";
			targets = (
				C1297A062408A296005F7765 /* lab3 */,
			);
		};
/* End PBXProject section */

/* Begin PBXResourcesBuildPhase section */
		C1297A052408A296005F7765 /* Resources */ = {
			isa = PBXResourcesBuildPhase;
			buildActionMask = 2147483647;
			files = (
				C1297A172408A297005F7765 /* LaunchScreen.storyboard in Resources */,
				C1297A142408A297005F7765 /* Assets.xcassets in Resources */,
				C1297A232408E02F005F7765 /* parks.plist in Resources */,
				C1297A122408A296005F7765 /* Main.storyboard in Resources */,
			);
			runOnlyForDeploymentPostprocessing = 0;
		};
/* End PBXResourcesBuildPhase section */

/* Begin PBXSourcesBuildPhase section */
		C1297A032408A296005F7765 /* Sources */ = {
			isa = PBXSourcesBuildPhase;
			buildActionMask = 2147483647;
			files = (
				C1297A252408E214005F7765 /* ParkController.swift in Sources */,
				C1297A1F2408A2E5005F7765 /* CollectionViewController.swift in Sources */,
				C1297A0B2408A296005F7765 /* AppDelegate.swift in Sources */,
				C1297A212408A335005F7765 /* CollectionViewCell.swift in Sources */,
				C1297A0D2408A296005F7765 /* SceneDelegate.swift in Sources */,
				C1297A272408F409005F7765 /* HeaderSupplementaryView.swift in Sources */,
				C1297A292408F731005F7765 /* FooterSupplementaryView.swift in Sources */,
				C1297A2B2408FA0E005F7765 /* DetailViewController.swift in Sources */,
			);
			runOnlyForDeploymentPostprocessing = 0;
		};
/* End PBXSourcesBuildPhase section */

/* Begin PBXVariantGroup section */
		C1297A102408A296005F7765 /* Main.storyboard */ = {
			isa = PBXVariantGroup;
			children = (
				C1297A112408A296005F7765 /* Base */,
			);
			name = Main.storyboard;
			sourceTree = "<group>";
		};
		C1297A152408A297005F7765 /* LaunchScreen.storyboard */ = {
			isa = PBXVariantGroup;
			children = (
				C1297A162408A297005F7765 /* Base */,
			);
			name = LaunchScreen.storyboard;
			sourceTree = "<group>";
		};
/* End PBXVariantGroup section */

/* Begin XCBuildConfiguration section */
		C1297A192408A297005F7765 /* Debug */ = {
			isa = XCBuildConfiguration;
			buildSettings = {
				ALWAYS_SEARCH_USER_PATHS = NO;
				CLANG_ANALYZER_NONNULL = YES;
				CLANG_ANALYZER_NUMBER_OBJECT_CONVERSION = YES_AGGRESSIVE;
				CLANG_CXX_LANGUAGE_STANDARD = "gnu++14";
				CLANG_CXX_LIBRARY = "libc++";
				CLANG_ENABLE_MODULES = YES;
				CLANG_ENABLE_OBJC_ARC = YES;
				CLANG_ENABLE_OBJC_WEAK = YES;
				CLANG_WARN_BLOCK_CAPTURE_AUTORELEASING = YES;
				CLANG_WARN_BOOL_CONVERSION = YES;
				CLANG_WARN_COMMA = YES;
				CLANG_WARN_CONSTANT_CONVERSION = YES;
				CLANG_WARN_DEPRECATED_OBJC_IMPLEMENTATIONS = YES;
				CLANG_WARN_DIRECT_OBJC_ISA_USAGE = YES_ERROR;
				CLANG_WARN_DOCUMENTATION_COMMENTS = YES;
				CLANG_WARN_EMPTY_BODY = YES;
				CLANG_WARN_ENUM_CONVERSION = YES;
				CLANG_WARN_INFINITE_RECURSION = YES;
				CLANG_WARN_INT_CONVERSION = YES;
				CLANG_WARN_NON_LITERAL_NULL_CONVERSION = YES;
				CLANG_WARN_OBJC_IMPLICIT_RETAIN_SELF = YES;
				CLANG_WARN_OBJC_LITERAL_CONVERSION = YES;
				CLANG_WARN_OBJC_ROOT_CLASS = YES_ERROR;
				CLANG_WARN_RANGE_LOOP_ANALYSIS = YES;
				CLANG_WARN_STRICT_PROTOTYPES = YES;
				CLANG_WARN_SUSPICIOUS_MOVE = YES;
				CLANG_WARN_UNGUARDED_AVAILABILITY = YES_AGGRESSIVE;
				CLANG_WARN_UNREACHABLE_CODE = YES;
				CLANG_WARN__DUPLICATE_METHOD_MATCH = YES;
				COPY_PHASE_STRIP = NO;
				DEBUG_INFORMATION_FORMAT = dwarf;
				ENABLE_STRICT_OBJC_MSGSEND = YES;
				ENABLE_TESTABILITY = YES;
				GCC_C_LANGUAGE_STANDARD = gnu11;
				GCC_DYNAMIC_NO_PIC = NO;
				GCC_NO_COMMON_BLOCKS = YES;
				GCC_OPTIMIZATION_LEVEL = 0;
				GCC_PREPROCESSOR_DEFINITIONS = (
					"DEBUG=1",
					"$(inherited)",
				);
				GCC_WARN_64_TO_32_BIT_CONVERSION = YES;
				GCC_WARN_ABOUT_RETURN_TYPE = YES_ERROR;
				GCC_WARN_UNDECLARED_SELECTOR = YES;
				GCC_WARN_UNINITIALIZED_AUTOS = YES_AGGRESSIVE;
				GCC_WARN_UNUSED_FUNCTION = YES;
				GCC_WARN_UNUSED_VARIABLE = YES;
				IPHONEOS_DEPLOYMENT_TARGET = 13.2;
				MTL_ENABLE_DEBUG_INFO = INCLUDE_SOURCE;
				MTL_FAST_MATH = YES;
				ONLY_ACTIVE_ARCH = YES;
				SDKROOT = iphoneos;
				SWIFT_ACTIVE_COMPILATION_CONDITIONS = DEBUG;
				SWIFT_OPTIMIZATION_LEVEL = "-Onone";
			};
			name = Debug;
		};
		C1297A1A2408A297005F7765 /* Release */ = {
			isa = XCBuildConfiguration;
			buildSettings = {
				ALWAYS_SEARCH_USER_PATHS = NO;
				CLANG_ANALYZER_NONNULL = YES;
				CLANG_ANALYZER_NUMBER_OBJECT_CONVERSION = YES_AGGRESSIVE;
				CLANG_CXX_LANGUAGE_STANDARD = "gnu++14";
				CLANG_CXX_LIBRARY = "libc++";
				CLANG_ENABLE_MODULES = YES;
				CLANG_ENABLE_OBJC_ARC = YES;
				CLANG_ENABLE_OBJC_WEAK = YES;
				CLANG_WARN_BLOCK_CAPTURE_AUTORELEASING = YES;
				CLANG_WARN_BOOL_CONVERSION = YES;
				CLANG_WARN_COMMA = YES;
				CLANG_WARN_CONSTANT_CONVERSION = YES;
				CLANG_WARN_DEPRECATED_OBJC_IMPLEMENTATIONS = YES;
				CLANG_WARN_DIRECT_OBJC_ISA_USAGE = YES_ERROR;
				CLANG_WARN_DOCUMENTATION_COMMENTS = YES;
				CLANG_WARN_EMPTY_BODY = YES;
				CLANG_WARN_ENUM_CONVERSION = YES;
				CLANG_WARN_INFINITE_RECURSION = YES;
				CLANG_WARN_INT_CONVERSION = YES;
				CLANG_WARN_NON_LITERAL_NULL_CONVERSION = YES;
				CLANG_WARN_OBJC_IMPLICIT_RETAIN_SELF = YES;
				CLANG_WARN_OBJC_LITERAL_CONVERSION = YES;
				CLANG_WARN_OBJC_ROOT_CLASS = YES_ERROR;
				CLANG_WARN_RANGE_LOOP_ANALYSIS = YES;
				CLANG_WARN_STRICT_PROTOTYPES = YES;
				CLANG_WARN_SUSPICIOUS_MOVE = YES;
				CLANG_WARN_UNGUARDED_AVAILABILITY = YES_AGGRESSIVE;
				CLANG_WARN_UNREACHABLE_CODE = YES;
				CLANG_WARN__DUPLICATE_METHOD_MATCH = YES;
				COPY_PHASE_STRIP = NO;
				DEBUG_INFORMATION_FORMAT = "dwarf-with-dsym";
				ENABLE_NS_ASSERTIONS = NO;
				ENABLE_STRICT_OBJC_MSGSEND = YES;
				GCC_C_LANGUAGE_STANDARD = gnu11;
				GCC_NO_COMMON_BLOCKS = YES;
				GCC_WARN_64_TO_32_BIT_CONVERSION = YES;
				GCC_WARN_ABOUT_RETURN_TYPE = YES_ERROR;
				GCC_WARN_UNDECLARED_SELECTOR = YES;
				GCC_WARN_UNINITIALIZED_AUTOS = YES_AGGRESSIVE;
				GCC_WARN_UNUSED_FUNCTION = YES;
				GCC_WARN_UNUSED_VARIABLE = YES;
				IPHONEOS_DEPLOYMENT_TARGET = 13.2;
				MTL_ENABLE_DEBUG_INFO = NO;
				MTL_FAST_MATH = YES;
				SDKROOT = iphoneos;
				SWIFT_COMPILATION_MODE = wholemodule;
				SWIFT_OPTIMIZATION_LEVEL = "-O";
				VALIDATE_PRODUCT = YES;
			};
			name = Release;
		};
		C1297A1C2408A297005F7765 /* Debug */ = {
			isa = XCBuildConfiguration;
			buildSettings = {
				ASSETCATALOG_COMPILER_APPICON_NAME = AppIcon;
				CODE_SIGN_STYLE = Automatic;
				DEVELOPMENT_TEAM = QPAK9D95K9;
				INFOPLIST_FILE = lab3/Info.plist;
				LD_RUNPATH_SEARCH_PATHS = (
					"$(inherited)",
					"@executable_path/Frameworks",
				);
				PRODUCT_BUNDLE_IDENTIFIER = natebennett.lab3;
				PRODUCT_NAME = "$(TARGET_NAME)";
				SWIFT_VERSION = 5.0;
				TARGETED_DEVICE_FAMILY = "1,2";
			};
			name = Debug;
		};
		C1297A1D2408A297005F7765 /* Release */ = {
			isa = XCBuildConfiguration;
			buildSettings = {
				ASSETCATALOG_COMPILER_APPICON_NAME = AppIcon;
				CODE_SIGN_STYLE = Automatic;
				DEVELOPMENT_TEAM = QPAK9D95K9;
				INFOPLIST_FILE = lab3/Info.plist;
				LD_RUNPATH_SEARCH_PATHS = (
					"$(inherited)",
					"@executable_path/Frameworks",
				);
				PRODUCT_BUNDLE_IDENTIFIER = natebennett.lab3;
				PRODUCT_NAME = "$(TARGET_NAME)";
				SWIFT_VERSION = 5.0;
				TARGETED_DEVICE_FAMILY = "1,2";
			};
			name = Release;
		};
/* End XCBuildConfiguration section */

/* Begin XCConfigurationList section */
		C1297A022408A296005F7765 /* Build configuration list for PBXProject "lab3" */ = {
			isa = XCConfigurationList;
			buildConfigurations = (
				C1297A192408A297005F7765 /* Debug */,
				C1297A1A2408A297005F7765 /* Release */,
			);
			defaultConfigurationIsVisible = 0;
			defaultConfigurationName = Release;
		};
		C1297A1B2408A297005F7765 /* Build configuration list for PBXNativeTarget "lab3" */ = {
			isa = XCConfigurationList;
			buildConfigurations = (
				C1297A1C2408A297005F7765 /* Debug */,
				C1297A1D2408A297005F7765 /* Release */,
			);
			defaultConfigurationIsVisible = 0;
			defaultConfigurationName = Release;
		};
/* End XCConfigurationList section */
	};
	rootObject = C12979FF2408A296005F7765 /* Project object */;
}
