// !$*UTF8*$!
{
	archiveVersion = 1;
	classes = {
	};
	objectVersion = 50;
	objects = {

/* Begin PBXBuildFile section */
		C14C58CB2409F13F0029CEF7 /* AppDelegate.swift in Sources */ = {isa = PBXBuildFile; fileRef = C14C58CA2409F13F0029CEF7 /* AppDelegate.swift */; };
		C14C58CD2409F13F0029CEF7 /* SceneDelegate.swift in Sources */ = {isa = PBXBuildFile; fileRef = C14C58CC2409F13F0029CEF7 /* SceneDelegate.swift */; };
		C14C58CF2409F13F0029CEF7 /* ViewController.swift in Sources */ = {isa = PBXBuildFile; fileRef = C14C58CE2409F13F0029CEF7 /* ViewController.swift */; };
		C14C58D22409F13F0029CEF7 /* Main.storyboard in Resources */ = {isa = PBXBuildFile; fileRef = C14C58D02409F13F0029CEF7 /* Main.storyboard */; };
		C14C58D42409F1400029CEF7 /* Assets.xcassets in Resources */ = {isa = PBXBuildFile; fileRef = C14C58D32409F1400029CEF7 /* Assets.xcassets */; };
		C14C58D72409F1400029CEF7 /* LaunchScreen.storyboard in Resources */ = {isa = PBXBuildFile; fileRef = C14C58D52409F1400029CEF7 /* LaunchScreen.storyboard */; };
		C14C58DF2409F3DC0029CEF7 /* Route.swift in Sources */ = {isa = PBXBuildFile; fileRef = C14C58DE2409F3DC0029CEF7 /* Route.swift */; };
		C14C58E12409F5580029CEF7 /* RouteDataController.swift in Sources */ = {isa = PBXBuildFile; fileRef = C14C58E02409F5580029CEF7 /* RouteDataController.swift */; };
		C14C58E3240CD6240029CEF7 /* ResultsTableViewController.swift in Sources */ = {isa = PBXBuildFile; fileRef = C14C58E2240CD6240029CEF7 /* ResultsTableViewController.swift */; };
		C14C58E5240CDFA60029CEF7 /* RouteViewController.swift in Sources */ = {isa = PBXBuildFile; fileRef = C14C58E4240CDFA60029CEF7 /* RouteViewController.swift */; };
/* End PBXBuildFile section */

/* Begin PBXFileReference section */
		C14C58C72409F13F0029CEF7 /* lab4.app */ = {isa = PBXFileReference; explicitFileType = wrapper.application; includeInIndex = 0; path = lab4.app; sourceTree = BUILT_PRODUCTS_DIR; };
		C14C58CA2409F13F0029CEF7 /* AppDelegate.swift */ = {isa = PBXFileReference; lastKnownFileType = sourcecode.swift; path = AppDelegate.swift; sourceTree = "<group>"; };
		C14C58CC2409F13F0029CEF7 /* SceneDelegate.swift */ = {isa = PBXFileReference; lastKnownFileType = sourcecode.swift; path = SceneDelegate.swift; sourceTree = "<group>"; };
		C14C58CE2409F13F0029CEF7 /* ViewController.swift */ = {isa = PBXFileReference; lastKnownFileType = sourcecode.swift; path = ViewController.swift; sourceTree = "<group>"; };
		C14C58D12409F13F0029CEF7 /* Base */ = {isa = PBXFileReference; lastKnownFileType = file.storyboard; name = Base; path = Base.lproj/Main.storyboard; sourceTree = "<group>"; };
		C14C58D32409F1400029CEF7 /* Assets.xcassets */ = {isa = PBXFileReference; lastKnownFileType = folder.assetcatalog; path = Assets.xcassets; sourceTree = "<group>"; };
		C14C58D62409F1400029CEF7 /* Base */ = {isa = PBXFileReference; lastKnownFileType = file.storyboard; name = Base; path = Base.lproj/LaunchScreen.storyboard; sourceTree = "<group>"; };
		C14C58D82409F1400029CEF7 /* Info.plist */ = {isa = PBXFileReference; lastKnownFileType = text.plist.xml; path = Info.plist; sourceTree = "<group>"; };
		C14C58DE2409F3DC0029CEF7 /* Route.swift */ = {isa = PBXFileReference; lastKnownFileType = sourcecode.swift; path = Route.swift; sourceTree = "<group>"; };
		C14C58E02409F5580029CEF7 /* RouteDataController.swift */ = {isa = PBXFileReference; lastKnownFileType = sourcecode.swift; path = RouteDataController.swift; sourceTree = "<group>"; };
		C14C58E2240CD6240029CEF7 /* ResultsTableViewController.swift */ = {isa = PBXFileReference; lastKnownFileType = sourcecode.swift; path = ResultsTableViewController.swift; sourceTree = "<group>"; };
		C14C58E4240CDFA60029CEF7 /* RouteViewController.swift */ = {isa = PBXFileReference; lastKnownFileType = sourcecode.swift; path = RouteViewController.swift; sourceTree = "<group>"; };
/* End PBXFileReference section */

/* Begin PBXFrameworksBuildPhase section */
		C14C58C42409F13F0029CEF7 /* Frameworks */ = {
			isa = PBXFrameworksBuildPhase;
			buildActionMask = 2147483647;
			files = (
			);
			runOnlyForDeploymentPostprocessing = 0;
		};
/* End PBXFrameworksBuildPhase section */

/* Begin PBXGroup section */
		C14C58BE2409F13F0029CEF7 = {
			isa = PBXGroup;
			children = (
				C14C58C92409F13F0029CEF7 /* lab4 */,
				C14C58C82409F13F0029CEF7 /* Products */,
			);
			sourceTree = "<group>";
		};
		C14C58C82409F13F0029CEF7 /* Products */ = {
			isa = PBXGroup;
			children = (
				C14C58C72409F13F0029CEF7 /* lab4.app */,
			);
			name = Products;
			sourceTree = "<group>";
		};
		C14C58C92409F13F0029CEF7 /* lab4 */ = {
			isa = PBXGroup;
			children = (
				C14C58CA2409F13F0029CEF7 /* AppDelegate.swift */,
				C14C58CC2409F13F0029CEF7 /* SceneDelegate.swift */,
				C14C58CE2409F13F0029CEF7 /* ViewController.swift */,
				C14C58E4240CDFA60029CEF7 /* RouteViewController.swift */,
				C14C58D02409F13F0029CEF7 /* Main.storyboard */,
				C14C58DE2409F3DC0029CEF7 /* Route.swift */,
				C14C58E02409F5580029CEF7 /* RouteDataController.swift */,
				C14C58E2240CD6240029CEF7 /* ResultsTableViewController.swift */,
				C14C58D32409F1400029CEF7 /* Assets.xcassets */,
				C14C58D52409F1400029CEF7 /* LaunchScreen.storyboard */,
				C14C58D82409F1400029CEF7 /* Info.plist */,
			);
			path = lab4;
			sourceTree = "<group>";
		};
/* End PBXGroup section */

/* Begin PBXNativeTarget section */
		C14C58C62409F13F0029CEF7 /* lab4 */ = {
			isa = PBXNativeTarget;
			buildConfigurationList = C14C58DB2409F1400029CEF7 /* Build configuration list for PBXNativeTarget "lab4" */;
			buildPhases = (
				C14C58C32409F13F0029CEF7 /* Sources */,
				C14C58C42409F13F0029CEF7 /* Frameworks */,
				C14C58C52409F13F0029CEF7 /* Resources */,
			);
			buildRules = (
			);
			dependencies = (
			);
			name = lab4;
			productName = lab4;
			productReference = C14C58C72409F13F0029CEF7 /* lab4.app */;
			productType = "com.apple.product-type.application";
		};
/* End PBXNativeTarget section */

/* Begin PBXProject section */
		C14C58BF2409F13F0029CEF7 /* Project object */ = {
			isa = PBXProject;
			attributes = {
				LastSwiftUpdateCheck = 1130;
				LastUpgradeCheck = 1130;
				ORGANIZATIONNAME = "Nathanael Bennett";
				TargetAttributes = {
					C14C58C62409F13F0029CEF7 = {
						CreatedOnToolsVersion = 11.3;
					};
				};
			};
			buildConfigurationList = C14C58C22409F13F0029CEF7 /* Build configuration list for PBXProject "lab4" */;
			compatibilityVersion = "Xcode 9.3";
			developmentRegion = en;
			hasScannedForEncodings = 0;
			knownRegions = (
				en,
				Base,
			);
			mainGroup = C14C58BE2409F13F0029CEF7;
			productRefGroup = C14C58C82409F13F0029CEF7 /* Products */;
			projectDirPath = "";
			projectRoot = "";
			targets = (
				C14C58C62409F13F0029CEF7 /* lab4 */,
			);
		};
/* End PBXProject section */

/* Begin PBXResourcesBuildPhase section */
		C14C58C52409F13F0029CEF7 /* Resources */ = {
			isa = PBXResourcesBuildPhase;
			buildActionMask = 2147483647;
			files = (
				C14C58D72409F1400029CEF7 /* LaunchScreen.storyboard in Resources */,
				C14C58D42409F1400029CEF7 /* Assets.xcassets in Resources */,
				C14C58D22409F13F0029CEF7 /* Main.storyboard in Resources */,
			);
			runOnlyForDeploymentPostprocessing = 0;
		};
/* End PBXResourcesBuildPhase section */

/* Begin PBXSourcesBuildPhase section */
		C14C58C32409F13F0029CEF7 /* Sources */ = {
			isa = PBXSourcesBuildPhase;
			buildActionMask = 2147483647;
			files = (
				C14C58E3240CD6240029CEF7 /* ResultsTableViewController.swift in Sources */,
				C14C58E12409F5580029CEF7 /* RouteDataController.swift in Sources */,
				C14C58CF2409F13F0029CEF7 /* ViewController.swift in Sources */,
				C14C58DF2409F3DC0029CEF7 /* Route.swift in Sources */,
				C14C58CB2409F13F0029CEF7 /* AppDelegate.swift in Sources */,
				C14C58CD2409F13F0029CEF7 /* SceneDelegate.swift in Sources */,
				C14C58E5240CDFA60029CEF7 /* RouteViewController.swift in Sources */,
			);
			runOnlyForDeploymentPostprocessing = 0;
		};
/* End PBXSourcesBuildPhase section */

/* Begin PBXVariantGroup section */
		C14C58D02409F13F0029CEF7 /* Main.storyboard */ = {
			isa = PBXVariantGroup;
			children = (
				C14C58D12409F13F0029CEF7 /* Base */,
			);
			name = Main.storyboard;
			sourceTree = "<group>";
		};
		C14C58D52409F1400029CEF7 /* LaunchScreen.storyboard */ = {
			isa = PBXVariantGroup;
			children = (
				C14C58D62409F1400029CEF7 /* Base */,
			);
			name = LaunchScreen.storyboard;
			sourceTree = "<group>";
		};
/* End PBXVariantGroup section */

/* Begin XCBuildConfiguration section */
		C14C58D92409F1400029CEF7 /* Debug */ = {
			isa = XCBuildConfiguration;
			buildSettings = {
				ALWAYS_SEARCH_USER_PATHS = NO;
				CLANG_ANALYZER_NONNULL = YES;
				CLANG_ANALYZER_NUMBER_OBJECT_CONVERSION = YES_AGGRESSIVE;
				CLANG_CXX_LANGUAGE_STANDARD = "gnu++14";
				CLANG_CXX_LIBRARY = "libc++";
				CLANG_ENABLE_MODULES = YES;
				CLANG_ENABLE_OBJC_ARC = YES;
				CLANG_ENABLE_OBJC_WEAK = YES;
				CLANG_WARN_BLOCK_CAPTURE_AUTORELEASING = YES;
				CLANG_WARN_BOOL_CONVERSION = YES;
				CLANG_WARN_COMMA = YES;
				CLANG_WARN_CONSTANT_CONVERSION = YES;
				CLANG_WARN_DEPRECATED_OBJC_IMPLEMENTATIONS = YES;
				CLANG_WARN_DIRECT_OBJC_ISA_USAGE = YES_ERROR;
				CLANG_WARN_DOCUMENTATION_COMMENTS = YES;
				CLANG_WARN_EMPTY_BODY = YES;
				CLANG_WARN_ENUM_CONVERSION = YES;
				CLANG_WARN_INFINITE_RECURSION = YES;
				CLANG_WARN_INT_CONVERSION = YES;
				CLANG_WARN_NON_LITERAL_NULL_CONVERSION = YES;
				CLANG_WARN_OBJC_IMPLICIT_RETAIN_SELF = YES;
				CLANG_WARN_OBJC_LITERAL_CONVERSION = YES;
				CLANG_WARN_OBJC_ROOT_CLASS = YES_ERROR;
				CLANG_WARN_RANGE_LOOP_ANALYSIS = YES;
				CLANG_WARN_STRICT_PROTOTYPES = YES;
				CLANG_WARN_SUSPICIOUS_MOVE = YES;
				CLANG_WARN_UNGUARDED_AVAILABILITY = YES_AGGRESSIVE;
				CLANG_WARN_UNREACHABLE_CODE = YES;
				CLANG_WARN__DUPLICATE_METHOD_MATCH = YES;
				COPY_PHASE_STRIP = NO;
				DEBUG_INFORMATION_FORMAT = dwarf;
				ENABLE_STRICT_OBJC_MSGSEND = YES;
				ENABLE_TESTABILITY = YES;
				GCC_C_LANGUAGE_STANDARD = gnu11;
				GCC_DYNAMIC_NO_PIC = NO;
				GCC_NO_COMMON_BLOCKS = YES;
				GCC_OPTIMIZATION_LEVEL = 0;
				GCC_PREPROCESSOR_DEFINITIONS = (
					"DEBUG=1",
					"$(inherited)",
				);
				GCC_WARN_64_TO_32_BIT_CONVERSION = YES;
				GCC_WARN_ABOUT_RETURN_TYPE = YES_ERROR;
				GCC_WARN_UNDECLARED_SELECTOR = YES;
				GCC_WARN_UNINITIALIZED_AUTOS = YES_AGGRESSIVE;
				GCC_WARN_UNUSED_FUNCTION = YES;
				GCC_WARN_UNUSED_VARIABLE = YES;
				IPHONEOS_DEPLOYMENT_TARGET = 13.2;
				MTL_ENABLE_DEBUG_INFO = INCLUDE_SOURCE;
				MTL_FAST_MATH = YES;
				ONLY_ACTIVE_ARCH = YES;
				SDKROOT = iphoneos;
				SWIFT_ACTIVE_COMPILATION_CONDITIONS = DEBUG;
				SWIFT_OPTIMIZATION_LEVEL = "-Onone";
			};
			name = Debug;
		};
		C14C58DA2409F1400029CEF7 /* Release */ = {
			isa = XCBuildConfiguration;
			buildSettings = {
				ALWAYS_SEARCH_USER_PATHS = NO;
				CLANG_ANALYZER_NONNULL = YES;
				CLANG_ANALYZER_NUMBER_OBJECT_CONVERSION = YES_AGGRESSIVE;
				CLANG_CXX_LANGUAGE_STANDARD = "gnu++14";
				CLANG_CXX_LIBRARY = "libc++";
				CLANG_ENABLE_MODULES = YES;
				CLANG_ENABLE_OBJC_ARC = YES;
				CLANG_ENABLE_OBJC_WEAK = YES;
				CLANG_WARN_BLOCK_CAPTURE_AUTORELEASING = YES;
				CLANG_WARN_BOOL_CONVERSION = YES;
				CLANG_WARN_COMMA = YES;
				CLANG_WARN_CONSTANT_CONVERSION = YES;
				CLANG_WARN_DEPRECATED_OBJC_IMPLEMENTATIONS = YES;
				CLANG_WARN_DIRECT_OBJC_ISA_USAGE = YES_ERROR;
				CLANG_WARN_DOCUMENTATION_COMMENTS = YES;
				CLANG_WARN_EMPTY_BODY = YES;
				CLANG_WARN_ENUM_CONVERSION = YES;
				CLANG_WARN_INFINITE_RECURSION = YES;
				CLANG_WARN_INT_CONVERSION = YES;
				CLANG_WARN_NON_LITERAL_NULL_CONVERSION = YES;
				CLANG_WARN_OBJC_IMPLICIT_RETAIN_SELF = YES;
				CLANG_WARN_OBJC_LITERAL_CONVERSION = YES;
				CLANG_WARN_OBJC_ROOT_CLASS = YES_ERROR;
				CLANG_WARN_RANGE_LOOP_ANALYSIS = YES;
				CLANG_WARN_STRICT_PROTOTYPES = YES;
				CLANG_WARN_SUSPICIOUS_MOVE = YES;
				CLANG_WARN_UNGUARDED_AVAILABILITY = YES_AGGRESSIVE;
				CLANG_WARN_UNREACHABLE_CODE = YES;
				CLANG_WARN__DUPLICATE_METHOD_MATCH = YES;
				COPY_PHASE_STRIP = NO;
				DEBUG_INFORMATION_FORMAT = "dwarf-with-dsym";
				ENABLE_NS_ASSERTIONS = NO;
				ENABLE_STRICT_OBJC_MSGSEND = YES;
				GCC_C_LANGUAGE_STANDARD = gnu11;
				GCC_NO_COMMON_BLOCKS = YES;
				GCC_WARN_64_TO_32_BIT_CONVERSION = YES;
				GCC_WARN_ABOUT_RETURN_TYPE = YES_ERROR;
				GCC_WARN_UNDECLARED_SELECTOR = YES;
				GCC_WARN_UNINITIALIZED_AUTOS = YES_AGGRESSIVE;
				GCC_WARN_UNUSED_FUNCTION = YES;
				GCC_WARN_UNUSED_VARIABLE = YES;
				IPHONEOS_DEPLOYMENT_TARGET = 13.2;
				MTL_ENABLE_DEBUG_INFO = NO;
				MTL_FAST_MATH = YES;
				SDKROOT = iphoneos;
				SWIFT_COMPILATION_MODE = wholemodule;
				SWIFT_OPTIMIZATION_LEVEL = "-O";
				VALIDATE_PRODUCT = YES;
			};
			name = Release;
		};
		C14C58DC2409F1400029CEF7 /* Debug */ = {
			isa = XCBuildConfiguration;
			buildSettings = {
				ASSETCATALOG_COMPILER_APPICON_NAME = AppIcon;
				CODE_SIGN_STYLE = Automatic;
				DEVELOPMENT_TEAM = QPAK9D95K9;
				INFOPLIST_FILE = lab4/Info.plist;
				LD_RUNPATH_SEARCH_PATHS = (
					"$(inherited)",
					"@executable_path/Frameworks",
				);
				PRODUCT_BUNDLE_IDENTIFIER = natebennett.lab4;
				PRODUCT_NAME = "$(TARGET_NAME)";
				SWIFT_VERSION = 5.0;
				TARGETED_DEVICE_FAMILY = "1,2";
			};
			name = Debug;
		};
		C14C58DD2409F1400029CEF7 /* Release */ = {
			isa = XCBuildConfiguration;
			buildSettings = {
				ASSETCATALOG_COMPILER_APPICON_NAME = AppIcon;
				CODE_SIGN_STYLE = Automatic;
				DEVELOPMENT_TEAM = QPAK9D95K9;
				INFOPLIST_FILE = lab4/Info.plist;
				LD_RUNPATH_SEARCH_PATHS = (
					"$(inherited)",
					"@executable_path/Frameworks",
				);
				PRODUCT_BUNDLE_IDENTIFIER = natebennett.lab4;
				PRODUCT_NAME = "$(TARGET_NAME)";
				SWIFT_VERSION = 5.0;
				TARGETED_DEVICE_FAMILY = "1,2";
			};
			name = Release;
		};
/* End XCBuildConfiguration section */

/* Begin XCConfigurationList section */
		C14C58C22409F13F0029CEF7 /* Build configuration list for PBXProject "lab4" */ = {
			isa = XCConfigurationList;
			buildConfigurations = (
				C14C58D92409F1400029CEF7 /* Debug */,
				C14C58DA2409F1400029CEF7 /* Release */,
			);
			defaultConfigurationIsVisible = 0;
			defaultConfigurationName = Release;
		};
		C14C58DB2409F1400029CEF7 /* Build configuration list for PBXNativeTarget "lab4" */ = {
			isa = XCConfigurationList;
			buildConfigurations = (
				C14C58DC2409F1400029CEF7 /* Debug */,
				C14C58DD2409F1400029CEF7 /* Release */,
			);
			defaultConfigurationIsVisible = 0;
			defaultConfigurationName = Release;
		};
/* End XCConfigurationList section */
	};
	rootObject = C14C58BF2409F13F0029CEF7 /* Project object */;
}
